// !$*UTF8*$!
{
	archiveVersion = 1;
	classes = {
	};
	objectVersion = 46;
	objects = {

/* Begin PBXBuildFile section */
		F98034EC1F8B07C700722A4F /* AppDelegate.swift in Sources */ = {isa = PBXBuildFile; fileRef = F98034EB1F8B07C700722A4F /* AppDelegate.swift */; };
		F98034EE1F8B07C700722A4F /* ViewController.swift in Sources */ = {isa = PBXBuildFile; fileRef = F98034ED1F8B07C700722A4F /* ViewController.swift */; };
		F98034F11F8B07C700722A4F /* Main.storyboard in Resources */ = {isa = PBXBuildFile; fileRef = F98034EF1F8B07C700722A4F /* Main.storyboard */; };
		F98034F31F8B07C700722A4F /* Assets.xcassets in Resources */ = {isa = PBXBuildFile; fileRef = F98034F21F8B07C700722A4F /* Assets.xcassets */; };
		F98034F61F8B07C700722A4F /* LaunchScreen.storyboard in Resources */ = {isa = PBXBuildFile; fileRef = F98034F41F8B07C700722A4F /* LaunchScreen.storyboard */; };
		F98034FE1F8B08CE00722A4F /* ListViewController.swift in Sources */ = {isa = PBXBuildFile; fileRef = F98034FD1F8B08CE00722A4F /* ListViewController.swift */; };
		F98035001F8B0A9000722A4F /* MovieVO.swift in Sources */ = {isa = PBXBuildFile; fileRef = F98034FF1F8B0A9000722A4F /* MovieVO.swift */; };
		F98035021F8B318200722A4F /* MovieCell.swift in Sources */ = {isa = PBXBuildFile; fileRef = F98035011F8B318200722A4F /* MovieCell.swift */; };
		F980350E1F8B352900722A4F /* darknight.jpg in Resources */ = {isa = PBXBuildFile; fileRef = F980350B1F8B352900722A4F /* darknight.jpg */; };
		F980350F1F8B352900722A4F /* rain.jpg in Resources */ = {isa = PBXBuildFile; fileRef = F980350C1F8B352900722A4F /* rain.jpg */; };
		F98035101F8B352900722A4F /* secret.jpg in Resources */ = {isa = PBXBuildFile; fileRef = F980350D1F8B352900722A4F /* secret.jpg */; };
/* End PBXBuildFile section */

/* Begin PBXFileReference section */
		F98034E81F8B07C700722A4F /* MyMovieChart.app */ = {isa = PBXFileReference; explicitFileType = wrapper.application; includeInIndex = 0; path = MyMovieChart.app; sourceTree = BUILT_PRODUCTS_DIR; };
		F98034EB1F8B07C700722A4F /* AppDelegate.swift */ = {isa = PBXFileReference; lastKnownFileType = sourcecode.swift; path = AppDelegate.swift; sourceTree = "<group>"; };
		F98034ED1F8B07C700722A4F /* ViewController.swift */ = {isa = PBXFileReference; lastKnownFileType = sourcecode.swift; path = ViewController.swift; sourceTree = "<group>"; };
		F98034F01F8B07C700722A4F /* Base */ = {isa = PBXFileReference; lastKnownFileType = file.storyboard; name = Base; path = Base.lproj/Main.storyboard; sourceTree = "<group>"; };
		F98034F21F8B07C700722A4F /* Assets.xcassets */ = {isa = PBXFileReference; lastKnownFileType = folder.assetcatalog; path = Assets.xcassets; sourceTree = "<group>"; };
		F98034F51F8B07C700722A4F /* Base */ = {isa = PBXFileReference; lastKnownFileType = file.storyboard; name = Base; path = Base.lproj/LaunchScreen.storyboard; sourceTree = "<group>"; };
		F98034F71F8B07C700722A4F /* Info.plist */ = {isa = PBXFileReference; lastKnownFileType = text.plist.xml; path = Info.plist; sourceTree = "<group>"; };
		F98034FD1F8B08CE00722A4F /* ListViewController.swift */ = {isa = PBXFileReference; fileEncoding = 4; lastKnownFileType = sourcecode.swift; path = ListViewController.swift; sourceTree = "<group>"; };
		F98034FF1F8B0A9000722A4F /* MovieVO.swift */ = {isa = PBXFileReference; fileEncoding = 4; lastKnownFileType = sourcecode.swift; path = MovieVO.swift; sourceTree = "<group>"; };
		F98035011F8B318200722A4F /* MovieCell.swift */ = {isa = PBXFileReference; fileEncoding = 4; lastKnownFileType = sourcecode.swift; path = MovieCell.swift; sourceTree = "<group>"; };
		F980350B1F8B352900722A4F /* darknight.jpg */ = {isa = PBXFileReference; lastKnownFileType = image.jpeg; path = darknight.jpg; sourceTree = "<group>"; };
		F980350C1F8B352900722A4F /* rain.jpg */ = {isa = PBXFileReference; lastKnownFileType = image.jpeg; path = rain.jpg; sourceTree = "<group>"; };
		F980350D1F8B352900722A4F /* secret.jpg */ = {isa = PBXFileReference; lastKnownFileType = image.jpeg; path = secret.jpg; sourceTree = "<group>"; };
/* End PBXFileReference section */

/* Begin PBXFrameworksBuildPhase section */
		F98034E51F8B07C700722A4F /* Frameworks */ = {
			isa = PBXFrameworksBuildPhase;
			buildActionMask = 2147483647;
			files = (
			);
			runOnlyForDeploymentPostprocessing = 0;
		};
/* End PBXFrameworksBuildPhase section */

/* Begin PBXGroup section */
		F98034DF1F8B07C700722A4F = {
			isa = PBXGroup;
			children = (
				F98034EA1F8B07C700722A4F /* MyMovieChart */,
				F98034E91F8B07C700722A4F /* Products */,
			);
			sourceTree = "<group>";
		};
		F98034E91F8B07C700722A4F /* Products */ = {
			isa = PBXGroup;
			children = (
				F98034E81F8B07C700722A4F /* MyMovieChart.app */,
			);
			name = Products;
			sourceTree = "<group>";
		};
		F98034EA1F8B07C700722A4F /* MyMovieChart */ = {
			isa = PBXGroup;
			children = (
				F98035111F8B355300722A4F /* Resources */,
				F98034EB1F8B07C700722A4F /* AppDelegate.swift */,
				F98034ED1F8B07C700722A4F /* ViewController.swift */,
				F98034EF1F8B07C700722A4F /* Main.storyboard */,
				F98034FD1F8B08CE00722A4F /* ListViewController.swift */,
				F98034FF1F8B0A9000722A4F /* MovieVO.swift */,
				F98035011F8B318200722A4F /* MovieCell.swift */,
				F98034F21F8B07C700722A4F /* Assets.xcassets */,
				F98034F41F8B07C700722A4F /* LaunchScreen.storyboard */,
				F98034F71F8B07C700722A4F /* Info.plist */,
			);
			path = MyMovieChart;
			sourceTree = "<group>";
		};
		F98035111F8B355300722A4F /* Resources */ = {
			isa = PBXGroup;
			children = (
				F980350B1F8B352900722A4F /* darknight.jpg */,
				F980350C1F8B352900722A4F /* rain.jpg */,
				F980350D1F8B352900722A4F /* secret.jpg */,
			);
			name = Resources;
			sourceTree = "<group>";
		};
/* End PBXGroup section */

/* Begin PBXNativeTarget section */
		F98034E71F8B07C700722A4F /* MyMovieChart */ = {
			isa = PBXNativeTarget;
			buildConfigurationList = F98034FA1F8B07C700722A4F /* Build configuration list for PBXNativeTarget "MyMovieChart" */;
			buildPhases = (
				F98034E41F8B07C700722A4F /* Sources */,
				F98034E51F8B07C700722A4F /* Frameworks */,
				F98034E61F8B07C700722A4F /* Resources */,
			);
			buildRules = (
			);
			dependencies = (
			);
			name = MyMovieChart;
			productName = MyMovieChart;
			productReference = F98034E81F8B07C700722A4F /* MyMovieChart.app */;
			productType = "com.apple.product-type.application";
		};
/* End PBXNativeTarget section */

/* Begin PBXProject section */
		F98034E01F8B07C700722A4F /* Project object */ = {
			isa = PBXProject;
			attributes = {
				LastSwiftUpdateCheck = 0830;
				LastUpgradeCheck = 0830;
				ORGANIZATIONNAME = Choongwon;
				TargetAttributes = {
					F98034E71F8B07C700722A4F = {
						CreatedOnToolsVersion = 8.3.3;
						DevelopmentTeam = RN2TMDUME2;
						ProvisioningStyle = Automatic;
					};
				};
			};
			buildConfigurationList = F98034E31F8B07C700722A4F /* Build configuration list for PBXProject "MyMovieChart" */;
			compatibilityVersion = "Xcode 3.2";
			developmentRegion = English;
			hasScannedForEncodings = 0;
			knownRegions = (
				en,
				Base,
			);
			mainGroup = F98034DF1F8B07C700722A4F;
			productRefGroup = F98034E91F8B07C700722A4F /* Products */;
			projectDirPath = "";
			projectRoot = "";
			targets = (
				F98034E71F8B07C700722A4F /* MyMovieChart */,
			);
		};
/* End PBXProject section */

/* Begin PBXResourcesBuildPhase section */
		F98034E61F8B07C700722A4F /* Resources */ = {
			isa = PBXResourcesBuildPhase;
			buildActionMask = 2147483647;
			files = (
				F980350E1F8B352900722A4F /* darknight.jpg in Resources */,
				F98035101F8B352900722A4F /* secret.jpg in Resources */,
				F980350F1F8B352900722A4F /* rain.jpg in Resources */,
				F98034F61F8B07C700722A4F /* LaunchScreen.storyboard in Resources */,
				F98034F31F8B07C700722A4F /* Assets.xcassets in Resources */,
				F98034F11F8B07C700722A4F /* Main.storyboard in Resources */,
			);
			runOnlyForDeploymentPostprocessing = 0;
		};
/* End PBXResourcesBuildPhase section */

/* Begin PBXSourcesBuildPhase section */
		F98034E41F8B07C700722A4F /* Sources */ = {
			isa = PBXSourcesBuildPhase;
			buildActionMask = 2147483647;
			files = (
				F98034EE1F8B07C700722A4F /* ViewController.swift in Sources */,
				F98035001F8B0A9000722A4F /* MovieVO.swift in Sources */,
				F98034EC1F8B07C700722A4F /* AppDelegate.swift in Sources */,
				F98035021F8B318200722A4F /* MovieCell.swift in Sources */,
				F98034FE1F8B08CE00722A4F /* ListViewController.swift in Sources */,
			);
			runOnlyForDeploymentPostprocessing = 0;
		};
/* End PBXSourcesBuildPhase section */

/* Begin PBXVariantGroup section */
		F98034EF1F8B07C700722A4F /* Main.storyboard */ = {
			isa = PBXVariantGroup;
			children = (
				F98034F01F8B07C700722A4F /* Base */,
			);
			name = Main.storyboard;
			sourceTree = "<group>";
		};
		F98034F41F8B07C700722A4F /* LaunchScreen.storyboard */ = {
			isa = PBXVariantGroup;
			children = (
				F98034F51F8B07C700722A4F /* Base */,
			);
			name = LaunchScreen.storyboard;
			sourceTree = "<group>";
		};
/* End PBXVariantGroup section */

/* Begin XCBuildConfiguration section */
		F98034F81F8B07C700722A4F /* Debug */ = {
			isa = XCBuildConfiguration;
			buildSettings = {
				ALWAYS_SEARCH_USER_PATHS = NO;
				CLANG_ANALYZER_NONNULL = YES;
				CLANG_ANALYZER_NUMBER_OBJECT_CONVERSION = YES_AGGRESSIVE;
				CLANG_CXX_LANGUAGE_STANDARD = "gnu++0x";
				CLANG_CXX_LIBRARY = "libc++";
				CLANG_ENABLE_MODULES = YES;
				CLANG_ENABLE_OBJC_ARC = YES;
				CLANG_WARN_BOOL_CONVERSION = YES;
				CLANG_WARN_CONSTANT_CONVERSION = YES;
				CLANG_WARN_DIRECT_OBJC_ISA_USAGE = YES_ERROR;
				CLANG_WARN_DOCUMENTATION_COMMENTS = YES;
				CLANG_WARN_EMPTY_BODY = YES;
				CLANG_WARN_ENUM_CONVERSION = YES;
				CLANG_WARN_INFINITE_RECURSION = YES;
				CLANG_WARN_INT_CONVERSION = YES;
				CLANG_WARN_OBJC_ROOT_CLASS = YES_ERROR;
				CLANG_WARN_SUSPICIOUS_MOVE = YES;
				CLANG_WARN_UNREACHABLE_CODE = YES;
				CLANG_WARN__DUPLICATE_METHOD_MATCH = YES;
				"CODE_SIGN_IDENTITY[sdk=iphoneos*]" = "iPhone Developer";
				COPY_PHASE_STRIP = NO;
				DEBUG_INFORMATION_FORMAT = dwarf;
				ENABLE_STRICT_OBJC_MSGSEND = YES;
				ENABLE_TESTABILITY = YES;
				GCC_C_LANGUAGE_STANDARD = gnu99;
				GCC_DYNAMIC_NO_PIC = NO;
				GCC_NO_COMMON_BLOCKS = YES;
				GCC_OPTIMIZATION_LEVEL = 0;
				GCC_PREPROCESSOR_DEFINITIONS = (
					"DEBUG=1",
					"$(inherited)",
				);
				GCC_WARN_64_TO_32_BIT_CONVERSION = YES;
				GCC_WARN_ABOUT_RETURN_TYPE = YES_ERROR;
				GCC_WARN_UNDECLARED_SELECTOR = YES;
				GCC_WARN_UNINITIALIZED_AUTOS = YES_AGGRESSIVE;
				GCC_WARN_UNUSED_FUNCTION = YES;
				GCC_WARN_UNUSED_VARIABLE = YES;
				IPHONEOS_DEPLOYMENT_TARGET = 10.3;
				MTL_ENABLE_DEBUG_INFO = YES;
				ONLY_ACTIVE_ARCH = YES;
				SDKROOT = iphoneos;
				SWIFT_ACTIVE_COMPILATION_CONDITIONS = DEBUG;
				SWIFT_OPTIMIZATION_LEVEL = "-Onone";
			};
			name = Debug;
		};
		F98034F91F8B07C700722A4F /* Release */ = {
			isa = XCBuildConfiguration;
			buildSettings = {
				ALWAYS_SEARCH_USER_PATHS = NO;
				CLANG_ANALYZER_NONNULL = YES;
				CLANG_ANALYZER_NUMBER_OBJECT_CONVERSION = YES_AGGRESSIVE;
				CLANG_CXX_LANGUAGE_STANDARD = "gnu++0x";
				CLANG_CXX_LIBRARY = "libc++";
				CLANG_ENABLE_MODULES = YES;
				CLANG_ENABLE_OBJC_ARC = YES;
				CLANG_WARN_BOOL_CONVERSION = YES;
				CLANG_WARN_CONSTANT_CONVERSION = YES;
				CLANG_WARN_DIRECT_OBJC_ISA_USAGE = YES_ERROR;
				CLANG_WARN_DOCUMENTATION_COMMENTS = YES;
				CLANG_WARN_EMPTY_BODY = YES;
				CLANG_WARN_ENUM_CONVERSION = YES;
				CLANG_WARN_INFINITE_RECURSION = YES;
				CLANG_WARN_INT_CONVERSION = YES;
				CLANG_WARN_OBJC_ROOT_CLASS = YES_ERROR;
				CLANG_WARN_SUSPICIOUS_MOVE = YES;
				CLANG_WARN_UNREACHABLE_CODE = YES;
				CLANG_WARN__DUPLICATE_METHOD_MATCH = YES;
				"CODE_SIGN_IDENTITY[sdk=iphoneos*]" = "iPhone Developer";
				COPY_PHASE_STRIP = NO;
				DEBUG_INFORMATION_FORMAT = "dwarf-with-dsym";
				ENABLE_NS_ASSERTIONS = NO;
				ENABLE_STRICT_OBJC_MSGSEND = YES;
				GCC_C_LANGUAGE_STANDARD = gnu99;
				GCC_NO_COMMON_BLOCKS = YES;
				GCC_WARN_64_TO_32_BIT_CONVERSION = YES;
				GCC_WARN_ABOUT_RETURN_TYPE = YES_ERROR;
				GCC_WARN_UNDECLARED_SELECTOR = YES;
				GCC_WARN_UNINITIALIZED_AUTOS = YES_AGGRESSIVE;
				GCC_WARN_UNUSED_FUNCTION = YES;
				GCC_WARN_UNUSED_VARIABLE = YES;
				IPHONEOS_DEPLOYMENT_TARGET = 10.3;
				MTL_ENABLE_DEBUG_INFO = NO;
				SDKROOT = iphoneos;
				SWIFT_OPTIMIZATION_LEVEL = "-Owholemodule";
				VALIDATE_PRODUCT = YES;
			};
			name = Release;
		};
		F98034FB1F8B07C700722A4F /* Debug */ = {
			isa = XCBuildConfiguration;
			buildSettings = {
				ASSETCATALOG_COMPILER_APPICON_NAME = AppIcon;
				DEVELOPMENT_TEAM = RN2TMDUME2;
				INFOPLIST_FILE = MyMovieChart/Info.plist;
				IPHONEOS_DEPLOYMENT_TARGET = 10.2;
				LD_RUNPATH_SEARCH_PATHS = "$(inherited) @executable_path/Frameworks";
				PRODUCT_BUNDLE_IDENTIFIER = com.Choongwon.MyMovieChart;
				PRODUCT_NAME = "$(TARGET_NAME)";
				SWIFT_VERSION = 3.0;
			};
			name = Debug;
		};
		F98034FC1F8B07C700722A4F /* Release */ = {
			isa = XCBuildConfiguration;
			buildSettings = {
				ASSETCATALOG_COMPILER_APPICON_NAME = AppIcon;
				DEVELOPMENT_TEAM = RN2TMDUME2;
				INFOPLIST_FILE = MyMovieChart/Info.plist;
				IPHONEOS_DEPLOYMENT_TARGET = 10.2;
				LD_RUNPATH_SEARCH_PATHS = "$(inherited) @executable_path/Frameworks";
				PRODUCT_BUNDLE_IDENTIFIER = com.Choongwon.MyMovieChart;
				PRODUCT_NAME = "$(TARGET_NAME)";
				SWIFT_VERSION = 3.0;
			};
			name = Release;
		};
/* End XCBuildConfiguration section */

/* Begin XCConfigurationList section */
		F98034E31F8B07C700722A4F /* Build configuration list for PBXProject "MyMovieChart" */ = {
			isa = XCConfigurationList;
			buildConfigurations = (
				F98034F81F8B07C700722A4F /* Debug */,
				F98034F91F8B07C700722A4F /* Release */,
			);
			defaultConfigurationIsVisible = 0;
			defaultConfigurationName = Release;
		};
		F98034FA1F8B07C700722A4F /* Build configuration list for PBXNativeTarget "MyMovieChart" */ = {
			isa = XCConfigurationList;
			buildConfigurations = (
				F98034FB1F8B07C700722A4F /* Debug */,
				F98034FC1F8B07C700722A4F /* Release */,
			);
			defaultConfigurationIsVisible = 0;
			defaultConfigurationName = Release;
		};
/* End XCConfigurationList section */
	};
	rootObject = F98034E01F8B07C700722A4F /* Project object */;
}
