// !$*UTF8*$!
{
	archiveVersion = 1;
	classes = {
	};
	objectVersion = 46;
	objects = {

/* Begin PBXBuildFile section */
		F980351F1F8B436C00722A4F /* AppDelegate.swift in Sources */ = {isa = PBXBuildFile; fileRef = F980351E1F8B436C00722A4F /* AppDelegate.swift */; };
		F98035241F8B436C00722A4F /* Main.storyboard in Resources */ = {isa = PBXBuildFile; fileRef = F98035221F8B436C00722A4F /* Main.storyboard */; };
		F98035261F8B436C00722A4F /* Assets.xcassets in Resources */ = {isa = PBXBuildFile; fileRef = F98035251F8B436C00722A4F /* Assets.xcassets */; };
		F98035291F8B436C00722A4F /* LaunchScreen.storyboard in Resources */ = {isa = PBXBuildFile; fileRef = F98035271F8B436C00722A4F /* LaunchScreen.storyboard */; };
		F98035311F8B448300722A4F /* ListViewController.swift in Sources */ = {isa = PBXBuildFile; fileRef = F98035301F8B448300722A4F /* ListViewController.swift */; };
/* End PBXBuildFile section */

/* Begin PBXFileReference section */
		F980351B1F8B436C00722A4F /* Table-CellHeight.app */ = {isa = PBXFileReference; explicitFileType = wrapper.application; includeInIndex = 0; path = "Table-CellHeight.app"; sourceTree = BUILT_PRODUCTS_DIR; };
		F980351E1F8B436C00722A4F /* AppDelegate.swift */ = {isa = PBXFileReference; lastKnownFileType = sourcecode.swift; path = AppDelegate.swift; sourceTree = "<group>"; };
		F98035231F8B436C00722A4F /* Base */ = {isa = PBXFileReference; lastKnownFileType = file.storyboard; name = Base; path = Base.lproj/Main.storyboard; sourceTree = "<group>"; };
		F98035251F8B436C00722A4F /* Assets.xcassets */ = {isa = PBXFileReference; lastKnownFileType = folder.assetcatalog; path = Assets.xcassets; sourceTree = "<group>"; };
		F98035281F8B436C00722A4F /* Base */ = {isa = PBXFileReference; lastKnownFileType = file.storyboard; name = Base; path = Base.lproj/LaunchScreen.storyboard; sourceTree = "<group>"; };
		F980352A1F8B436C00722A4F /* Info.plist */ = {isa = PBXFileReference; lastKnownFileType = text.plist.xml; path = Info.plist; sourceTree = "<group>"; };
		F98035301F8B448300722A4F /* ListViewController.swift */ = {isa = PBXFileReference; fileEncoding = 4; lastKnownFileType = sourcecode.swift; path = ListViewController.swift; sourceTree = "<group>"; };
/* End PBXFileReference section */

/* Begin PBXFrameworksBuildPhase section */
		F98035181F8B436C00722A4F /* Frameworks */ = {
			isa = PBXFrameworksBuildPhase;
			buildActionMask = 2147483647;
			files = (
			);
			runOnlyForDeploymentPostprocessing = 0;
		};
/* End PBXFrameworksBuildPhase section */

/* Begin PBXGroup section */
		F98035121F8B436C00722A4F = {
			isa = PBXGroup;
			children = (
				F980351D1F8B436C00722A4F /* Table-CellHeight */,
				F980351C1F8B436C00722A4F /* Products */,
			);
			sourceTree = "<group>";
		};
		F980351C1F8B436C00722A4F /* Products */ = {
			isa = PBXGroup;
			children = (
				F980351B1F8B436C00722A4F /* Table-CellHeight.app */,
			);
			name = Products;
			sourceTree = "<group>";
		};
		F980351D1F8B436C00722A4F /* Table-CellHeight */ = {
			isa = PBXGroup;
			children = (
				F980351E1F8B436C00722A4F /* AppDelegate.swift */,
				F98035221F8B436C00722A4F /* Main.storyboard */,
				F98035301F8B448300722A4F /* ListViewController.swift */,
				F98035251F8B436C00722A4F /* Assets.xcassets */,
				F98035271F8B436C00722A4F /* LaunchScreen.storyboard */,
				F980352A1F8B436C00722A4F /* Info.plist */,
			);
			path = "Table-CellHeight";
			sourceTree = "<group>";
		};
/* End PBXGroup section */

/* Begin PBXNativeTarget section */
		F980351A1F8B436C00722A4F /* Table-CellHeight */ = {
			isa = PBXNativeTarget;
			buildConfigurationList = F980352D1F8B436C00722A4F /* Build configuration list for PBXNativeTarget "Table-CellHeight" */;
			buildPhases = (
				F98035171F8B436C00722A4F /* Sources */,
				F98035181F8B436C00722A4F /* Frameworks */,
				F98035191F8B436C00722A4F /* Resources */,
			);
			buildRules = (
			);
			dependencies = (
			);
			name = "Table-CellHeight";
			productName = "Table-CellHeight";
			productReference = F980351B1F8B436C00722A4F /* Table-CellHeight.app */;
			productType = "com.apple.product-type.application";
		};
/* End PBXNativeTarget section */

/* Begin PBXProject section */
		F98035131F8B436C00722A4F /* Project object */ = {
			isa = PBXProject;
			attributes = {
				LastSwiftUpdateCheck = 0830;
				LastUpgradeCheck = 0830;
				ORGANIZATIONNAME = Choongwon;
				TargetAttributes = {
					F980351A1F8B436C00722A4F = {
						CreatedOnToolsVersion = 8.3.3;
						DevelopmentTeam = RN2TMDUME2;
						ProvisioningStyle = Automatic;
					};
				};
			};
			buildConfigurationList = F98035161F8B436C00722A4F /* Build configuration list for PBXProject "Table-CellHeight" */;
			compatibilityVersion = "Xcode 3.2";
			developmentRegion = English;
			hasScannedForEncodings = 0;
			knownRegions = (
				en,
				Base,
			);
			mainGroup = F98035121F8B436C00722A4F;
			productRefGroup = F980351C1F8B436C00722A4F /* Products */;
			projectDirPath = "";
			projectRoot = "";
			targets = (
				F980351A1F8B436C00722A4F /* Table-CellHeight */,
			);
		};
/* End PBXProject section */

/* Begin PBXResourcesBuildPhase section */
		F98035191F8B436C00722A4F /* Resources */ = {
			isa = PBXResourcesBuildPhase;
			buildActionMask = 2147483647;
			files = (
				F98035291F8B436C00722A4F /* LaunchScreen.storyboard in Resources */,
				F98035261F8B436C00722A4F /* Assets.xcassets in Resources */,
				F98035241F8B436C00722A4F /* Main.storyboard in Resources */,
			);
			runOnlyForDeploymentPostprocessing = 0;
		};
/* End PBXResourcesBuildPhase section */

/* Begin PBXSourcesBuildPhase section */
		F98035171F8B436C00722A4F /* Sources */ = {
			isa = PBXSourcesBuildPhase;
			buildActionMask = 2147483647;
			files = (
				F98035311F8B448300722A4F /* ListViewController.swift in Sources */,
				F980351F1F8B436C00722A4F /* AppDelegate.swift in Sources */,
			);
			runOnlyForDeploymentPostprocessing = 0;
		};
/* End PBXSourcesBuildPhase section */

/* Begin PBXVariantGroup section */
		F98035221F8B436C00722A4F /* Main.storyboard */ = {
			isa = PBXVariantGroup;
			children = (
				F98035231F8B436C00722A4F /* Base */,
			);
			name = Main.storyboard;
			sourceTree = "<group>";
		};
		F98035271F8B436C00722A4F /* LaunchScreen.storyboard */ = {
			isa = PBXVariantGroup;
			children = (
				F98035281F8B436C00722A4F /* Base */,
			);
			name = LaunchScreen.storyboard;
			sourceTree = "<group>";
		};
/* End PBXVariantGroup section */

/* Begin XCBuildConfiguration section */
		F980352B1F8B436C00722A4F /* Debug */ = {
			isa = XCBuildConfiguration;
			buildSettings = {
				ALWAYS_SEARCH_USER_PATHS = NO;
				CLANG_ANALYZER_NONNULL = YES;
				CLANG_ANALYZER_NUMBER_OBJECT_CONVERSION = YES_AGGRESSIVE;
				CLANG_CXX_LANGUAGE_STANDARD = "gnu++0x";
				CLANG_CXX_LIBRARY = "libc++";
				CLANG_ENABLE_MODULES = YES;
				CLANG_ENABLE_OBJC_ARC = YES;
				CLANG_WARN_BOOL_CONVERSION = YES;
				CLANG_WARN_CONSTANT_CONVERSION = YES;
				CLANG_WARN_DIRECT_OBJC_ISA_USAGE = YES_ERROR;
				CLANG_WARN_DOCUMENTATION_COMMENTS = YES;
				CLANG_WARN_EMPTY_BODY = YES;
				CLANG_WARN_ENUM_CONVERSION = YES;
				CLANG_WARN_INFINITE_RECURSION = YES;
				CLANG_WARN_INT_CONVERSION = YES;
				CLANG_WARN_OBJC_ROOT_CLASS = YES_ERROR;
				CLANG_WARN_SUSPICIOUS_MOVE = YES;
				CLANG_WARN_UNREACHABLE_CODE = YES;
				CLANG_WARN__DUPLICATE_METHOD_MATCH = YES;
				"CODE_SIGN_IDENTITY[sdk=iphoneos*]" = "iPhone Developer";
				COPY_PHASE_STRIP = NO;
				DEBUG_INFORMATION_FORMAT = dwarf;
				ENABLE_STRICT_OBJC_MSGSEND = YES;
				ENABLE_TESTABILITY = YES;
				GCC_C_LANGUAGE_STANDARD = gnu99;
				GCC_DYNAMIC_NO_PIC = NO;
				GCC_NO_COMMON_BLOCKS = YES;
				GCC_OPTIMIZATION_LEVEL = 0;
				GCC_PREPROCESSOR_DEFINITIONS = (
					"DEBUG=1",
					"$(inherited)",
				);
				GCC_WARN_64_TO_32_BIT_CONVERSION = YES;
				GCC_WARN_ABOUT_RETURN_TYPE = YES_ERROR;
				GCC_WARN_UNDECLARED_SELECTOR = YES;
				GCC_WARN_UNINITIALIZED_AUTOS = YES_AGGRESSIVE;
				GCC_WARN_UNUSED_FUNCTION = YES;
				GCC_WARN_UNUSED_VARIABLE = YES;
				IPHONEOS_DEPLOYMENT_TARGET = 10.3;
				MTL_ENABLE_DEBUG_INFO = YES;
				ONLY_ACTIVE_ARCH = YES;
				SDKROOT = iphoneos;
				SWIFT_ACTIVE_COMPILATION_CONDITIONS = DEBUG;
				SWIFT_OPTIMIZATION_LEVEL = "-Onone";
			};
			name = Debug;
		};
		F980352C1F8B436C00722A4F /* Release */ = {
			isa = XCBuildConfiguration;
			buildSettings = {
				ALWAYS_SEARCH_USER_PATHS = NO;
				CLANG_ANALYZER_NONNULL = YES;
				CLANG_ANALYZER_NUMBER_OBJECT_CONVERSION = YES_AGGRESSIVE;
				CLANG_CXX_LANGUAGE_STANDARD = "gnu++0x";
				CLANG_CXX_LIBRARY = "libc++";
				CLANG_ENABLE_MODULES = YES;
				CLANG_ENABLE_OBJC_ARC = YES;
				CLANG_WARN_BOOL_CONVERSION = YES;
				CLANG_WARN_CONSTANT_CONVERSION = YES;
				CLANG_WARN_DIRECT_OBJC_ISA_USAGE = YES_ERROR;
				CLANG_WARN_DOCUMENTATION_COMMENTS = YES;
				CLANG_WARN_EMPTY_BODY = YES;
				CLANG_WARN_ENUM_CONVERSION = YES;
				CLANG_WARN_INFINITE_RECURSION = YES;
				CLANG_WARN_INT_CONVERSION = YES;
				CLANG_WARN_OBJC_ROOT_CLASS = YES_ERROR;
				CLANG_WARN_SUSPICIOUS_MOVE = YES;
				CLANG_WARN_UNREACHABLE_CODE = YES;
				CLANG_WARN__DUPLICATE_METHOD_MATCH = YES;
				"CODE_SIGN_IDENTITY[sdk=iphoneos*]" = "iPhone Developer";
				COPY_PHASE_STRIP = NO;
				DEBUG_INFORMATION_FORMAT = "dwarf-with-dsym";
				ENABLE_NS_ASSERTIONS = NO;
				ENABLE_STRICT_OBJC_MSGSEND = YES;
				GCC_C_LANGUAGE_STANDARD = gnu99;
				GCC_NO_COMMON_BLOCKS = YES;
				GCC_WARN_64_TO_32_BIT_CONVERSION = YES;
				GCC_WARN_ABOUT_RETURN_TYPE = YES_ERROR;
				GCC_WARN_UNDECLARED_SELECTOR = YES;
				GCC_WARN_UNINITIALIZED_AUTOS = YES_AGGRESSIVE;
				GCC_WARN_UNUSED_FUNCTION = YES;
				GCC_WARN_UNUSED_VARIABLE = YES;
				IPHONEOS_DEPLOYMENT_TARGET = 10.3;
				MTL_ENABLE_DEBUG_INFO = NO;
				SDKROOT = iphoneos;
				SWIFT_OPTIMIZATION_LEVEL = "-Owholemodule";
				VALIDATE_PRODUCT = YES;
			};
			name = Release;
		};
		F980352E1F8B436C00722A4F /* Debug */ = {
			isa = XCBuildConfiguration;
			buildSettings = {
				ASSETCATALOG_COMPILER_APPICON_NAME = AppIcon;
				DEVELOPMENT_TEAM = RN2TMDUME2;
				INFOPLIST_FILE = "Table-CellHeight/Info.plist";
				IPHONEOS_DEPLOYMENT_TARGET = 10.3;
				LD_RUNPATH_SEARCH_PATHS = "$(inherited) @executable_path/Frameworks";
				PRODUCT_BUNDLE_IDENTIFIER = "com.Choongwon.Table-CellHeight";
				PRODUCT_NAME = "$(TARGET_NAME)";
				SWIFT_VERSION = 3.0;
			};
			name = Debug;
		};
		F980352F1F8B436C00722A4F /* Release */ = {
			isa = XCBuildConfiguration;
			buildSettings = {
				ASSETCATALOG_COMPILER_APPICON_NAME = AppIcon;
				DEVELOPMENT_TEAM = RN2TMDUME2;
				INFOPLIST_FILE = "Table-CellHeight/Info.plist";
				IPHONEOS_DEPLOYMENT_TARGET = 10.3;
				LD_RUNPATH_SEARCH_PATHS = "$(inherited) @executable_path/Frameworks";
				PRODUCT_BUNDLE_IDENTIFIER = "com.Choongwon.Table-CellHeight";
				PRODUCT_NAME = "$(TARGET_NAME)";
				SWIFT_VERSION = 3.0;
			};
			name = Release;
		};
/* End XCBuildConfiguration section */

/* Begin XCConfigurationList section */
		F98035161F8B436C00722A4F /* Build configuration list for PBXProject "Table-CellHeight" */ = {
			isa = XCConfigurationList;
			buildConfigurations = (
				F980352B1F8B436C00722A4F /* Debug */,
				F980352C1F8B436C00722A4F /* Release */,
			);
			defaultConfigurationIsVisible = 0;
			defaultConfigurationName = Release;
		};
		F980352D1F8B436C00722A4F /* Build configuration list for PBXNativeTarget "Table-CellHeight" */ = {
			isa = XCConfigurationList;
			buildConfigurations = (
				F980352E1F8B436C00722A4F /* Debug */,
				F980352F1F8B436C00722A4F /* Release */,
			);
			defaultConfigurationIsVisible = 0;
			defaultConfigurationName = Release;
		};
/* End XCConfigurationList section */
	};
	rootObject = F98035131F8B436C00722A4F /* Project object */;
}
