// !$*UTF8*$!
{
	archiveVersion = 1;
	classes = {
	};
	objectVersion = 46;
	objects = {

/* Begin PBXBuildFile section */
		F9F393881F7B40A200A58BFC /* AppDelegate.swift in Sources */ = {isa = PBXBuildFile; fileRef = F9F393871F7B40A200A58BFC /* AppDelegate.swift */; };
		F9F3938A1F7B40A200A58BFC /* ViewController.swift in Sources */ = {isa = PBXBuildFile; fileRef = F9F393891F7B40A200A58BFC /* ViewController.swift */; };
		F9F3938D1F7B40A200A58BFC /* Main.storyboard in Resources */ = {isa = PBXBuildFile; fileRef = F9F3938B1F7B40A200A58BFC /* Main.storyboard */; };
		F9F3938F1F7B40A200A58BFC /* Assets.xcassets in Resources */ = {isa = PBXBuildFile; fileRef = F9F3938E1F7B40A200A58BFC /* Assets.xcassets */; };
		F9F393921F7B40A200A58BFC /* LaunchScreen.storyboard in Resources */ = {isa = PBXBuildFile; fileRef = F9F393901F7B40A200A58BFC /* LaunchScreen.storyboard */; };
/* End PBXBuildFile section */

/* Begin PBXFileReference section */
		F9F393841F7B40A200A58BFC /* Scene-ActionSegue.app */ = {isa = PBXFileReference; explicitFileType = wrapper.application; includeInIndex = 0; path = "Scene-ActionSegue.app"; sourceTree = BUILT_PRODUCTS_DIR; };
		F9F393871F7B40A200A58BFC /* AppDelegate.swift */ = {isa = PBXFileReference; lastKnownFileType = sourcecode.swift; path = AppDelegate.swift; sourceTree = "<group>"; };
		F9F393891F7B40A200A58BFC /* ViewController.swift */ = {isa = PBXFileReference; lastKnownFileType = sourcecode.swift; path = ViewController.swift; sourceTree = "<group>"; };
		F9F3938C1F7B40A200A58BFC /* Base */ = {isa = PBXFileReference; lastKnownFileType = file.storyboard; name = Base; path = Base.lproj/Main.storyboard; sourceTree = "<group>"; };
		F9F3938E1F7B40A200A58BFC /* Assets.xcassets */ = {isa = PBXFileReference; lastKnownFileType = folder.assetcatalog; path = Assets.xcassets; sourceTree = "<group>"; };
		F9F393911F7B40A200A58BFC /* Base */ = {isa = PBXFileReference; lastKnownFileType = file.storyboard; name = Base; path = Base.lproj/LaunchScreen.storyboard; sourceTree = "<group>"; };
		F9F393931F7B40A200A58BFC /* Info.plist */ = {isa = PBXFileReference; lastKnownFileType = text.plist.xml; path = Info.plist; sourceTree = "<group>"; };
/* End PBXFileReference section */

/* Begin PBXFrameworksBuildPhase section */
		F9F393811F7B40A200A58BFC /* Frameworks */ = {
			isa = PBXFrameworksBuildPhase;
			buildActionMask = 2147483647;
			files = (
			);
			runOnlyForDeploymentPostprocessing = 0;
		};
/* End PBXFrameworksBuildPhase section */

/* Begin PBXGroup section */
		F9F3937B1F7B40A100A58BFC = {
			isa = PBXGroup;
			children = (
				F9F393861F7B40A200A58BFC /* Scene-ActionSegue */,
				F9F393851F7B40A200A58BFC /* Products */,
			);
			sourceTree = "<group>";
		};
		F9F393851F7B40A200A58BFC /* Products */ = {
			isa = PBXGroup;
			children = (
				F9F393841F7B40A200A58BFC /* Scene-ActionSegue.app */,
			);
			name = Products;
			sourceTree = "<group>";
		};
		F9F393861F7B40A200A58BFC /* Scene-ActionSegue */ = {
			isa = PBXGroup;
			children = (
				F9F393871F7B40A200A58BFC /* AppDelegate.swift */,
				F9F393891F7B40A200A58BFC /* ViewController.swift */,
				F9F3938B1F7B40A200A58BFC /* Main.storyboard */,
				F9F3938E1F7B40A200A58BFC /* Assets.xcassets */,
				F9F393901F7B40A200A58BFC /* LaunchScreen.storyboard */,
				F9F393931F7B40A200A58BFC /* Info.plist */,
			);
			path = "Scene-ActionSegue";
			sourceTree = "<group>";
		};
/* End PBXGroup section */

/* Begin PBXNativeTarget section */
		F9F393831F7B40A200A58BFC /* Scene-ActionSegue */ = {
			isa = PBXNativeTarget;
			buildConfigurationList = F9F393961F7B40A200A58BFC /* Build configuration list for PBXNativeTarget "Scene-ActionSegue" */;
			buildPhases = (
				F9F393801F7B40A200A58BFC /* Sources */,
				F9F393811F7B40A200A58BFC /* Frameworks */,
				F9F393821F7B40A200A58BFC /* Resources */,
			);
			buildRules = (
			);
			dependencies = (
			);
			name = "Scene-ActionSegue";
			productName = "Scene-ActionSegue";
			productReference = F9F393841F7B40A200A58BFC /* Scene-ActionSegue.app */;
			productType = "com.apple.product-type.application";
		};
/* End PBXNativeTarget section */

/* Begin PBXProject section */
		F9F3937C1F7B40A100A58BFC /* Project object */ = {
			isa = PBXProject;
			attributes = {
				LastSwiftUpdateCheck = 0830;
				LastUpgradeCheck = 0830;
				ORGANIZATIONNAME = Choongwon;
				TargetAttributes = {
					F9F393831F7B40A200A58BFC = {
						CreatedOnToolsVersion = 8.3.3;
						ProvisioningStyle = Automatic;
					};
				};
			};
			buildConfigurationList = F9F3937F1F7B40A100A58BFC /* Build configuration list for PBXProject "Scene-ActionSegue" */;
			compatibilityVersion = "Xcode 3.2";
			developmentRegion = English;
			hasScannedForEncodings = 0;
			knownRegions = (
				en,
				Base,
			);
			mainGroup = F9F3937B1F7B40A100A58BFC;
			productRefGroup = F9F393851F7B40A200A58BFC /* Products */;
			projectDirPath = "";
			projectRoot = "";
			targets = (
				F9F393831F7B40A200A58BFC /* Scene-ActionSegue */,
			);
		};
/* End PBXProject section */

/* Begin PBXResourcesBuildPhase section */
		F9F393821F7B40A200A58BFC /* Resources */ = {
			isa = PBXResourcesBuildPhase;
			buildActionMask = 2147483647;
			files = (
				F9F393921F7B40A200A58BFC /* LaunchScreen.storyboard in Resources */,
				F9F3938F1F7B40A200A58BFC /* Assets.xcassets in Resources */,
				F9F3938D1F7B40A200A58BFC /* Main.storyboard in Resources */,
			);
			runOnlyForDeploymentPostprocessing = 0;
		};
/* End PBXResourcesBuildPhase section */

/* Begin PBXSourcesBuildPhase section */
		F9F393801F7B40A200A58BFC /* Sources */ = {
			isa = PBXSourcesBuildPhase;
			buildActionMask = 2147483647;
			files = (
				F9F3938A1F7B40A200A58BFC /* ViewController.swift in Sources */,
				F9F393881F7B40A200A58BFC /* AppDelegate.swift in Sources */,
			);
			runOnlyForDeploymentPostprocessing = 0;
		};
/* End PBXSourcesBuildPhase section */

/* Begin PBXVariantGroup section */
		F9F3938B1F7B40A200A58BFC /* Main.storyboard */ = {
			isa = PBXVariantGroup;
			children = (
				F9F3938C1F7B40A200A58BFC /* Base */,
			);
			name = Main.storyboard;
			sourceTree = "<group>";
		};
		F9F393901F7B40A200A58BFC /* LaunchScreen.storyboard */ = {
			isa = PBXVariantGroup;
			children = (
				F9F393911F7B40A200A58BFC /* Base */,
			);
			name = LaunchScreen.storyboard;
			sourceTree = "<group>";
		};
/* End PBXVariantGroup section */

/* Begin XCBuildConfiguration section */
		F9F393941F7B40A200A58BFC /* Debug */ = {
			isa = XCBuildConfiguration;
			buildSettings = {
				ALWAYS_SEARCH_USER_PATHS = NO;
				CLANG_ANALYZER_NONNULL = YES;
				CLANG_ANALYZER_NUMBER_OBJECT_CONVERSION = YES_AGGRESSIVE;
				CLANG_CXX_LANGUAGE_STANDARD = "gnu++0x";
				CLANG_CXX_LIBRARY = "libc++";
				CLANG_ENABLE_MODULES = YES;
				CLANG_ENABLE_OBJC_ARC = YES;
				CLANG_WARN_BOOL_CONVERSION = YES;
				CLANG_WARN_CONSTANT_CONVERSION = YES;
				CLANG_WARN_DIRECT_OBJC_ISA_USAGE = YES_ERROR;
				CLANG_WARN_DOCUMENTATION_COMMENTS = YES;
				CLANG_WARN_EMPTY_BODY = YES;
				CLANG_WARN_ENUM_CONVERSION = YES;
				CLANG_WARN_INFINITE_RECURSION = YES;
				CLANG_WARN_INT_CONVERSION = YES;
				CLANG_WARN_OBJC_ROOT_CLASS = YES_ERROR;
				CLANG_WARN_SUSPICIOUS_MOVE = YES;
				CLANG_WARN_UNREACHABLE_CODE = YES;
				CLANG_WARN__DUPLICATE_METHOD_MATCH = YES;
				"CODE_SIGN_IDENTITY[sdk=iphoneos*]" = "iPhone Developer";
				COPY_PHASE_STRIP = NO;
				DEBUG_INFORMATION_FORMAT = dwarf;
				ENABLE_STRICT_OBJC_MSGSEND = YES;
				ENABLE_TESTABILITY = YES;
				GCC_C_LANGUAGE_STANDARD = gnu99;
				GCC_DYNAMIC_NO_PIC = NO;
				GCC_NO_COMMON_BLOCKS = YES;
				GCC_OPTIMIZATION_LEVEL = 0;
				GCC_PREPROCESSOR_DEFINITIONS = (
					"DEBUG=1",
					"$(inherited)",
				);
				GCC_WARN_64_TO_32_BIT_CONVERSION = YES;
				GCC_WARN_ABOUT_RETURN_TYPE = YES_ERROR;
				GCC_WARN_UNDECLARED_SELECTOR = YES;
				GCC_WARN_UNINITIALIZED_AUTOS = YES_AGGRESSIVE;
				GCC_WARN_UNUSED_FUNCTION = YES;
				GCC_WARN_UNUSED_VARIABLE = YES;
				IPHONEOS_DEPLOYMENT_TARGET = 10.3;
				MTL_ENABLE_DEBUG_INFO = YES;
				ONLY_ACTIVE_ARCH = YES;
				SDKROOT = iphoneos;
				SWIFT_ACTIVE_COMPILATION_CONDITIONS = DEBUG;
				SWIFT_OPTIMIZATION_LEVEL = "-Onone";
			};
			name = Debug;
		};
		F9F393951F7B40A200A58BFC /* Release */ = {
			isa = XCBuildConfiguration;
			buildSettings = {
				ALWAYS_SEARCH_USER_PATHS = NO;
				CLANG_ANALYZER_NONNULL = YES;
				CLANG_ANALYZER_NUMBER_OBJECT_CONVERSION = YES_AGGRESSIVE;
				CLANG_CXX_LANGUAGE_STANDARD = "gnu++0x";
				CLANG_CXX_LIBRARY = "libc++";
				CLANG_ENABLE_MODULES = YES;
				CLANG_ENABLE_OBJC_ARC = YES;
				CLANG_WARN_BOOL_CONVERSION = YES;
				CLANG_WARN_CONSTANT_CONVERSION = YES;
				CLANG_WARN_DIRECT_OBJC_ISA_USAGE = YES_ERROR;
				CLANG_WARN_DOCUMENTATION_COMMENTS = YES;
				CLANG_WARN_EMPTY_BODY = YES;
				CLANG_WARN_ENUM_CONVERSION = YES;
				CLANG_WARN_INFINITE_RECURSION = YES;
				CLANG_WARN_INT_CONVERSION = YES;
				CLANG_WARN_OBJC_ROOT_CLASS = YES_ERROR;
				CLANG_WARN_SUSPICIOUS_MOVE = YES;
				CLANG_WARN_UNREACHABLE_CODE = YES;
				CLANG_WARN__DUPLICATE_METHOD_MATCH = YES;
				"CODE_SIGN_IDENTITY[sdk=iphoneos*]" = "iPhone Developer";
				COPY_PHASE_STRIP = NO;
				DEBUG_INFORMATION_FORMAT = "dwarf-with-dsym";
				ENABLE_NS_ASSERTIONS = NO;
				ENABLE_STRICT_OBJC_MSGSEND = YES;
				GCC_C_LANGUAGE_STANDARD = gnu99;
				GCC_NO_COMMON_BLOCKS = YES;
				GCC_WARN_64_TO_32_BIT_CONVERSION = YES;
				GCC_WARN_ABOUT_RETURN_TYPE = YES_ERROR;
				GCC_WARN_UNDECLARED_SELECTOR = YES;
				GCC_WARN_UNINITIALIZED_AUTOS = YES_AGGRESSIVE;
				GCC_WARN_UNUSED_FUNCTION = YES;
				GCC_WARN_UNUSED_VARIABLE = YES;
				IPHONEOS_DEPLOYMENT_TARGET = 10.3;
				MTL_ENABLE_DEBUG_INFO = NO;
				SDKROOT = iphoneos;
				SWIFT_OPTIMIZATION_LEVEL = "-Owholemodule";
				VALIDATE_PRODUCT = YES;
			};
			name = Release;
		};
		F9F393971F7B40A200A58BFC /* Debug */ = {
			isa = XCBuildConfiguration;
			buildSettings = {
				ASSETCATALOG_COMPILER_APPICON_NAME = AppIcon;
				INFOPLIST_FILE = "Scene-ActionSegue/Info.plist";
				LD_RUNPATH_SEARCH_PATHS = "$(inherited) @executable_path/Frameworks";
				PRODUCT_BUNDLE_IDENTIFIER = "com.Choongwon.Scene-ActionSegue";
				PRODUCT_NAME = "$(TARGET_NAME)";
				SWIFT_VERSION = 3.0;
			};
			name = Debug;
		};
		F9F393981F7B40A200A58BFC /* Release */ = {
			isa = XCBuildConfiguration;
			buildSettings = {
				ASSETCATALOG_COMPILER_APPICON_NAME = AppIcon;
				INFOPLIST_FILE = "Scene-ActionSegue/Info.plist";
				LD_RUNPATH_SEARCH_PATHS = "$(inherited) @executable_path/Frameworks";
				PRODUCT_BUNDLE_IDENTIFIER = "com.Choongwon.Scene-ActionSegue";
				PRODUCT_NAME = "$(TARGET_NAME)";
				SWIFT_VERSION = 3.0;
			};
			name = Release;
		};
/* End XCBuildConfiguration section */

/* Begin XCConfigurationList section */
		F9F3937F1F7B40A100A58BFC /* Build configuration list for PBXProject "Scene-ActionSegue" */ = {
			isa = XCConfigurationList;
			buildConfigurations = (
				F9F393941F7B40A200A58BFC /* Debug */,
				F9F393951F7B40A200A58BFC /* Release */,
			);
			defaultConfigurationIsVisible = 0;
			defaultConfigurationName = Release;
		};
		F9F393961F7B40A200A58BFC /* Build configuration list for PBXNativeTarget "Scene-ActionSegue" */ = {
			isa = XCConfigurationList;
			buildConfigurations = (
				F9F393971F7B40A200A58BFC /* Debug */,
				F9F393981F7B40A200A58BFC /* Release */,
			);
			defaultConfigurationIsVisible = 0;
		};
/* End XCConfigurationList section */
	};
	rootObject = F9F3937C1F7B40A100A58BFC /* Project object */;
}
